
Microsoft Visual Studio Solution File, Format Version 12.00
# Visual Studio Version 16
VisualStudioVersion = 16.0.32901.82
MinimumVisualStudioVersion = 10.0.40219.1
Project("{FAE04EC0-301F-11D3-BF4B-00C04F79EFBC}") = "Практика2", "Практика2\Практика2.csproj", "{C0A680F6-69B9-42FB-BECC-C4C94082387E}"
EndProject
Project("{FAE04EC0-301F-11D3-BF4B-00C04F79EFBC}") = "ДопЗадания", "ДопЗадания\ДопЗадания.csproj", "{5796F480-93AA-4F54-8F82-0732677C4DC9}"
EndProject
Global
	GlobalSection(SolutionConfigurationPlatforms) = preSolution
		Debug|Any CPU = Debug|Any CPU
		Release|Any CPU = Release|Any CPU
	EndGlobalSection
	GlobalSection(ProjectConfigurationPlatforms) = postSolution
		{C0A680F6-69B9-42FB-BECC-C4C94082387E}.Debug|Any CPU.ActiveCfg = Debug|Any CPU
		{C0A680F6-69B9-42FB-BECC-C4C94082387E}.Debug|Any CPU.Build.0 = Debug|Any CPU
		{C0A680F6-69B9-42FB-BECC-C4C94082387E}.Release|Any CPU.ActiveCfg = Release|Any CPU
		{C0A680F6-69B9-42FB-BECC-C4C94082387E}.Release|Any CPU.Build.0 = Release|Any CPU
		{5796F480-93AA-4F54-8F82-0732677C4DC9}.Debug|Any CPU.ActiveCfg = Debug|Any CPU
		{5796F480-93AA-4F54-8F82-0732677C4DC9}.Debug|Any CPU.Build.0 = Debug|Any CPU
		{5796F480-93AA-4F54-8F82-0732677C4DC9}.Release|Any CPU.ActiveCfg = Release|Any CPU
		{5796F480-93AA-4F54-8F82-0732677C4DC9}.Release|Any CPU.Build.0 = Release|Any CPU
	EndGlobalSection
	GlobalSection(SolutionProperties) = preSolution
		HideSolutionNode = FALSE
	EndGlobalSection
	GlobalSection(ExtensibilityGlobals) = postSolution
		SolutionGuid = {867FB6AD-43E8-4473-B300-B1C9E96B0AD8}
	EndGlobalSection
EndGlobal
